// !$*UTF8*$!
{
	archiveVersion = 1;
	classes = {
	};
	objectVersion = 48;
	objects = {

/* Begin PBXBuildFile section */
		1F0BB63E1FBDBD7000FFB6BA /* UIColor+TwistPalette.swift in Sources */ = {isa = PBXBuildFile; fileRef = 1F0BB63D1FBDBD7000FFB6BA /* UIColor+TwistPalette.swift */; };
		1F2824DB1F9A032D003A94DE /* UITextField+Warning.swift in Sources */ = {isa = PBXBuildFile; fileRef = 1F2824DA1F9A032D003A94DE /* UITextField+Warning.swift */; };
		1F2B2B6D1FDC4A8B00EDB1AE /* ExtendetEventHeaderNode.swift in Sources */ = {isa = PBXBuildFile; fileRef = 1F2B2B6C1FDC4A8B00EDB1AE /* ExtendetEventHeaderNode.swift */; };
		1F2BC0991FC593D000810348 /* TimelineViewController.swift in Sources */ = {isa = PBXBuildFile; fileRef = 1F2BC0981FC593D000810348 /* TimelineViewController.swift */; };
		1F2BC09B1FC5A22600810348 /* Event.swift in Sources */ = {isa = PBXBuildFile; fileRef = 1F2BC09A1FC5A22600810348 /* Event.swift */; };
		1F2BC09F1FC5C5E500810348 /* Animals.swift in Sources */ = {isa = PBXBuildFile; fileRef = 1F2BC09E1FC5C5E500810348 /* Animals.swift */; };
		1F2DA6D21FD590F5004ED390 /* EventBaseViewController.swift in Sources */ = {isa = PBXBuildFile; fileRef = 1F2DA6D11FD590F5004ED390 /* EventBaseViewController.swift */; };
		1F3D06CD1FD969E600CC0BCF /* PresentAnimationController.swift in Sources */ = {isa = PBXBuildFile; fileRef = 1F3D06CC1FD969E600CC0BCF /* PresentAnimationController.swift */; };
		1F3D06CF1FD969FE00CC0BCF /* DismissAnimationController.swift in Sources */ = {isa = PBXBuildFile; fileRef = 1F3D06CE1FD969FE00CC0BCF /* DismissAnimationController.swift */; };
		1F3D06D11FD96F3E00CC0BCF /* InteractorController.swift in Sources */ = {isa = PBXBuildFile; fileRef = 1F3D06D01FD96F3E00CC0BCF /* InteractorController.swift */; };
		1F45C52E1FBD9E04004AD0DE /* SMCheckboxAnimationController.swift in Sources */ = {isa = PBXBuildFile; fileRef = 1F45C52A1FBD9E04004AD0DE /* SMCheckboxAnimationController.swift */; };
		1F45C52F1FBD9E04004AD0DE /* SMCheckbox.swift in Sources */ = {isa = PBXBuildFile; fileRef = 1F45C52B1FBD9E04004AD0DE /* SMCheckbox.swift */; };
		1F45C5301FBD9E04004AD0DE /* SMGroupCheckboxController.swift in Sources */ = {isa = PBXBuildFile; fileRef = 1F45C52C1FBD9E04004AD0DE /* SMGroupCheckboxController.swift */; };
		1F45C5311FBD9E04004AD0DE /* SMCheckboxPathController.swift in Sources */ = {isa = PBXBuildFile; fileRef = 1F45C52D1FBD9E04004AD0DE /* SMCheckboxPathController.swift */; };
		1F56D0CA1F9DE2DD00E9B1F6 /* AlertManager.swift in Sources */ = {isa = PBXBuildFile; fileRef = 1F56D0C91F9DE2DD00E9B1F6 /* AlertManager.swift */; };
		1F56D0CD1F9E36E600E9B1F6 /* DateManager.swift in Sources */ = {isa = PBXBuildFile; fileRef = 1F56D0CC1F9E36E600E9B1F6 /* DateManager.swift */; };
		1F56D0CF1F9E3D4600E9B1F6 /* String+Regex.swift in Sources */ = {isa = PBXBuildFile; fileRef = 1F56D0CE1F9E3D4600E9B1F6 /* String+Regex.swift */; };
		1F5B90251FD6AF00004801CF /* Comment.swift in Sources */ = {isa = PBXBuildFile; fileRef = 1F5B90241FD6AF00004801CF /* Comment.swift */; };
		1F5B902A1FD6EB26004801CF /* EventCellNode.swift in Sources */ = {isa = PBXBuildFile; fileRef = 1F5B90271FD6EB26004801CF /* EventCellNode.swift */; };
		1F5B902B1FD6EB26004801CF /* CommentCellNode.swift in Sources */ = {isa = PBXBuildFile; fileRef = 1F5B90281FD6EB26004801CF /* CommentCellNode.swift */; };
		1F5B902C1FD6EB26004801CF /* PostCellNode.swift in Sources */ = {isa = PBXBuildFile; fileRef = 1F5B90291FD6EB26004801CF /* PostCellNode.swift */; };
		1F684B541FD19A21001F015D /* Assets.xcassets in Resources */ = {isa = PBXBuildFile; fileRef = 1F684B531FD19A21001F015D /* Assets.xcassets */; };
		1F6F38041F96101B00380706 /* SignUpViewController.swift in Sources */ = {isa = PBXBuildFile; fileRef = 1F6F38031F96101B00380706 /* SignUpViewController.swift */; };
		1F6F380A1F9610E200380706 /* NavigationController.swift in Sources */ = {isa = PBXBuildFile; fileRef = 1F6F38071F9610D600380706 /* NavigationController.swift */; };
		1F6F380E1F96268B00380706 /* RequestManager.swift in Sources */ = {isa = PBXBuildFile; fileRef = 1F6F380D1F96268B00380706 /* RequestManager.swift */; };
		1F6F38111F96291100380706 /* Constants.swift in Sources */ = {isa = PBXBuildFile; fileRef = 1F6F38101F96291100380706 /* Constants.swift */; };
		1F7D50A11F949DAC006209C4 /* AppDelegate.swift in Sources */ = {isa = PBXBuildFile; fileRef = 1F7D50A01F949DAC006209C4 /* AppDelegate.swift */; };
		1F7D50A61F949DAC006209C4 /* Main.storyboard in Resources */ = {isa = PBXBuildFile; fileRef = 1F7D50A41F949DAC006209C4 /* Main.storyboard */; };
		1F7D50AB1F949DAC006209C4 /* LaunchScreen.storyboard in Resources */ = {isa = PBXBuildFile; fileRef = 1F7D50A91F949DAC006209C4 /* LaunchScreen.storyboard */; };
		1F7D50B41F949DFA006209C4 /* LoginViewController.swift in Sources */ = {isa = PBXBuildFile; fileRef = 1F7D50B31F949DFA006209C4 /* LoginViewController.swift */; };
		1FA2A0D51FDB12B50019FDFF /* CommentsHeaderNode.swift in Sources */ = {isa = PBXBuildFile; fileRef = 1FA2A0D41FDB12B50019FDFF /* CommentsHeaderNode.swift */; };
		1FC2D97A1FC2DFED00ACED38 /* UserDefaults+Keys.swift in Sources */ = {isa = PBXBuildFile; fileRef = 1FC2D9791FC2DFED00ACED38 /* UserDefaults+Keys.swift */; };
		1FF310091FDB00580004068B /* ExtendetEventViewController.swift in Sources */ = {isa = PBXBuildFile; fileRef = 1FF310081FDB00580004068B /* ExtendetEventViewController.swift */; };
		1FF3100D1FDB042E0004068B /* CommentsViewController.swift in Sources */ = {isa = PBXBuildFile; fileRef = 1FF3100C1FDB042E0004068B /* CommentsViewController.swift */; };
		D986CA4419A31A734FAF2B12 /* Pods_SocialTwist.framework in Frameworks */ = {isa = PBXBuildFile; fileRef = 74A5B54C942561DBFA62BD1A /* Pods_SocialTwist.framework */; };
/* End PBXBuildFile section */

/* Begin PBXFileReference section */
		1295112271017C6A8636613A /* Pods-SocialTwist.release.xcconfig */ = {isa = PBXFileReference; includeInIndex = 1; lastKnownFileType = text.xcconfig; name = "Pods-SocialTwist.release.xcconfig"; path = "Pods/Target Support Files/Pods-SocialTwist/Pods-SocialTwist.release.xcconfig"; sourceTree = "<group>"; };
		1F0BB63D1FBDBD7000FFB6BA /* UIColor+TwistPalette.swift */ = {isa = PBXFileReference; lastKnownFileType = sourcecode.swift; path = "UIColor+TwistPalette.swift"; sourceTree = "<group>"; };
		1F2824DA1F9A032D003A94DE /* UITextField+Warning.swift */ = {isa = PBXFileReference; lastKnownFileType = sourcecode.swift; path = "UITextField+Warning.swift"; sourceTree = "<group>"; };
		1F2B2B6C1FDC4A8B00EDB1AE /* ExtendetEventHeaderNode.swift */ = {isa = PBXFileReference; lastKnownFileType = sourcecode.swift; path = ExtendetEventHeaderNode.swift; sourceTree = "<group>"; };
		1F2BC0981FC593D000810348 /* TimelineViewController.swift */ = {isa = PBXFileReference; lastKnownFileType = sourcecode.swift; path = TimelineViewController.swift; sourceTree = "<group>"; };
		1F2BC09A1FC5A22600810348 /* Event.swift */ = {isa = PBXFileReference; lastKnownFileType = sourcecode.swift; path = Event.swift; sourceTree = "<group>"; };
		1F2BC09E1FC5C5E500810348 /* Animals.swift */ = {isa = PBXFileReference; lastKnownFileType = sourcecode.swift; path = Animals.swift; sourceTree = "<group>"; };
		1F2DA6D11FD590F5004ED390 /* EventBaseViewController.swift */ = {isa = PBXFileReference; lastKnownFileType = sourcecode.swift; path = EventBaseViewController.swift; sourceTree = "<group>"; };
		1F3D06CC1FD969E600CC0BCF /* PresentAnimationController.swift */ = {isa = PBXFileReference; fileEncoding = 4; lastKnownFileType = sourcecode.swift; path = PresentAnimationController.swift; sourceTree = "<group>"; };
		1F3D06CE1FD969FE00CC0BCF /* DismissAnimationController.swift */ = {isa = PBXFileReference; lastKnownFileType = sourcecode.swift; path = DismissAnimationController.swift; sourceTree = "<group>"; };
		1F3D06D01FD96F3E00CC0BCF /* InteractorController.swift */ = {isa = PBXFileReference; lastKnownFileType = sourcecode.swift; path = InteractorController.swift; sourceTree = "<group>"; };
		1F45C52A1FBD9E04004AD0DE /* SMCheckboxAnimationController.swift */ = {isa = PBXFileReference; fileEncoding = 4; lastKnownFileType = sourcecode.swift; path = SMCheckboxAnimationController.swift; sourceTree = "<group>"; };
		1F45C52B1FBD9E04004AD0DE /* SMCheckbox.swift */ = {isa = PBXFileReference; fileEncoding = 4; lastKnownFileType = sourcecode.swift; path = SMCheckbox.swift; sourceTree = "<group>"; };
		1F45C52C1FBD9E04004AD0DE /* SMGroupCheckboxController.swift */ = {isa = PBXFileReference; fileEncoding = 4; lastKnownFileType = sourcecode.swift; path = SMGroupCheckboxController.swift; sourceTree = "<group>"; };
		1F45C52D1FBD9E04004AD0DE /* SMCheckboxPathController.swift */ = {isa = PBXFileReference; fileEncoding = 4; lastKnownFileType = sourcecode.swift; path = SMCheckboxPathController.swift; sourceTree = "<group>"; };
		1F56D0C91F9DE2DD00E9B1F6 /* AlertManager.swift */ = {isa = PBXFileReference; lastKnownFileType = sourcecode.swift; path = AlertManager.swift; sourceTree = "<group>"; };
		1F56D0CC1F9E36E600E9B1F6 /* DateManager.swift */ = {isa = PBXFileReference; lastKnownFileType = sourcecode.swift; path = DateManager.swift; sourceTree = "<group>"; };
		1F56D0CE1F9E3D4600E9B1F6 /* String+Regex.swift */ = {isa = PBXFileReference; lastKnownFileType = sourcecode.swift; path = "String+Regex.swift"; sourceTree = "<group>"; };
		1F5B90241FD6AF00004801CF /* Comment.swift */ = {isa = PBXFileReference; lastKnownFileType = sourcecode.swift; path = Comment.swift; sourceTree = "<group>"; };
		1F5B90271FD6EB26004801CF /* EventCellNode.swift */ = {isa = PBXFileReference; fileEncoding = 4; lastKnownFileType = sourcecode.swift; path = EventCellNode.swift; sourceTree = "<group>"; };
		1F5B90281FD6EB26004801CF /* CommentCellNode.swift */ = {isa = PBXFileReference; fileEncoding = 4; lastKnownFileType = sourcecode.swift; path = CommentCellNode.swift; sourceTree = "<group>"; };
		1F5B90291FD6EB26004801CF /* PostCellNode.swift */ = {isa = PBXFileReference; fileEncoding = 4; lastKnownFileType = sourcecode.swift; path = PostCellNode.swift; sourceTree = "<group>"; };
		1F684B531FD19A21001F015D /* Assets.xcassets */ = {isa = PBXFileReference; lastKnownFileType = folder.assetcatalog; path = Assets.xcassets; sourceTree = "<group>"; };
		1F6F38031F96101B00380706 /* SignUpViewController.swift */ = {isa = PBXFileReference; lastKnownFileType = sourcecode.swift; path = SignUpViewController.swift; sourceTree = "<group>"; };
		1F6F38071F9610D600380706 /* NavigationController.swift */ = {isa = PBXFileReference; lastKnownFileType = sourcecode.swift; path = NavigationController.swift; sourceTree = "<group>"; };
		1F6F38091F9610D600380706 /* SizeManager.swift */ = {isa = PBXFileReference; lastKnownFileType = sourcecode.swift; path = SizeManager.swift; sourceTree = "<group>"; };
		1F6F380D1F96268B00380706 /* RequestManager.swift */ = {isa = PBXFileReference; lastKnownFileType = sourcecode.swift; path = RequestManager.swift; sourceTree = "<group>"; };
		1F6F38101F96291100380706 /* Constants.swift */ = {isa = PBXFileReference; lastKnownFileType = sourcecode.swift; path = Constants.swift; sourceTree = "<group>"; };
		1F7D509D1F949DAC006209C4 /* SocialTwist.app */ = {isa = PBXFileReference; explicitFileType = wrapper.application; includeInIndex = 0; path = SocialTwist.app; sourceTree = BUILT_PRODUCTS_DIR; };
		1F7D50A01F949DAC006209C4 /* AppDelegate.swift */ = {isa = PBXFileReference; lastKnownFileType = sourcecode.swift; path = AppDelegate.swift; sourceTree = "<group>"; };
		1F7D50A51F949DAC006209C4 /* Base */ = {isa = PBXFileReference; lastKnownFileType = file.storyboard; name = Base; path = Base.lproj/Main.storyboard; sourceTree = "<group>"; };
		1F7D50AA1F949DAC006209C4 /* Base */ = {isa = PBXFileReference; lastKnownFileType = file.storyboard; name = Base; path = Base.lproj/LaunchScreen.storyboard; sourceTree = "<group>"; };
		1F7D50AC1F949DAC006209C4 /* Info.plist */ = {isa = PBXFileReference; lastKnownFileType = text.plist.xml; path = Info.plist; sourceTree = "<group>"; };
		1F7D50B31F949DFA006209C4 /* LoginViewController.swift */ = {isa = PBXFileReference; lastKnownFileType = sourcecode.swift; path = LoginViewController.swift; sourceTree = "<group>"; };
		1FA2A0D41FDB12B50019FDFF /* CommentsHeaderNode.swift */ = {isa = PBXFileReference; lastKnownFileType = sourcecode.swift; path = CommentsHeaderNode.swift; sourceTree = "<group>"; };
		1FC2D9791FC2DFED00ACED38 /* UserDefaults+Keys.swift */ = {isa = PBXFileReference; lastKnownFileType = sourcecode.swift; path = "UserDefaults+Keys.swift"; sourceTree = "<group>"; };
		1FF310081FDB00580004068B /* ExtendetEventViewController.swift */ = {isa = PBXFileReference; lastKnownFileType = sourcecode.swift; path = ExtendetEventViewController.swift; sourceTree = "<group>"; };
		1FF3100C1FDB042E0004068B /* CommentsViewController.swift */ = {isa = PBXFileReference; lastKnownFileType = sourcecode.swift; path = CommentsViewController.swift; sourceTree = "<group>"; };
		74A5B54C942561DBFA62BD1A /* Pods_SocialTwist.framework */ = {isa = PBXFileReference; explicitFileType = wrapper.framework; includeInIndex = 0; path = Pods_SocialTwist.framework; sourceTree = BUILT_PRODUCTS_DIR; };
		B1BCE5018AE469A9B79985A6 /* Pods-SocialTwist.debug.xcconfig */ = {isa = PBXFileReference; includeInIndex = 1; lastKnownFileType = text.xcconfig; name = "Pods-SocialTwist.debug.xcconfig"; path = "Pods/Target Support Files/Pods-SocialTwist/Pods-SocialTwist.debug.xcconfig"; sourceTree = "<group>"; };
/* End PBXFileReference section */

/* Begin PBXFrameworksBuildPhase section */
		1F7D509A1F949DAC006209C4 /* Frameworks */ = {
			isa = PBXFrameworksBuildPhase;
			buildActionMask = 2147483647;
			files = (
				D986CA4419A31A734FAF2B12 /* Pods_SocialTwist.framework in Frameworks */,
			);
			runOnlyForDeploymentPostprocessing = 0;
		};
/* End PBXFrameworksBuildPhase section */

/* Begin PBXGroup section */
		1F2824D91F9A02A2003A94DE /* Extensions */ = {
			isa = PBXGroup;
			children = (
				1F2824DA1F9A032D003A94DE /* UITextField+Warning.swift */,
				1F0BB63D1FBDBD7000FFB6BA /* UIColor+TwistPalette.swift */,
				1F56D0CE1F9E3D4600E9B1F6 /* String+Regex.swift */,
				1FC2D9791FC2DFED00ACED38 /* UserDefaults+Keys.swift */,
			);
			path = Extensions;
			sourceTree = "<group>";
		};
		1F3D06CB1FD969BD00CC0BCF /* TransitionControllers */ = {
			isa = PBXGroup;
			children = (
				1F3D06CC1FD969E600CC0BCF /* PresentAnimationController.swift */,
				1F3D06CE1FD969FE00CC0BCF /* DismissAnimationController.swift */,
				1F3D06D01FD96F3E00CC0BCF /* InteractorController.swift */,
			);
			path = TransitionControllers;
			sourceTree = "<group>";
		};
		1F45C5291FBD9E04004AD0DE /* SMCheckbox */ = {
			isa = PBXGroup;
			children = (
				1F45C52A1FBD9E04004AD0DE /* SMCheckboxAnimationController.swift */,
				1F45C52B1FBD9E04004AD0DE /* SMCheckbox.swift */,
				1F45C52C1FBD9E04004AD0DE /* SMGroupCheckboxController.swift */,
				1F45C52D1FBD9E04004AD0DE /* SMCheckboxPathController.swift */,
			);
			path = SMCheckbox;
			sourceTree = "<group>";
		};
		1F56D0C81F9DE2C700E9B1F6 /* AlertManager */ = {
			isa = PBXGroup;
			children = (
				1F56D0C91F9DE2DD00E9B1F6 /* AlertManager.swift */,
			);
			path = AlertManager;
			sourceTree = "<group>";
		};
		1F56D0CB1F9E36DA00E9B1F6 /* DateManager */ = {
			isa = PBXGroup;
			children = (
				1F56D0CC1F9E36E600E9B1F6 /* DateManager.swift */,
			);
			path = DateManager;
			sourceTree = "<group>";
		};
		1F5B90261FD6EB26004801CF /* Views */ = {
			isa = PBXGroup;
			children = (
				1F5B90271FD6EB26004801CF /* EventCellNode.swift */,
				1F5B90281FD6EB26004801CF /* CommentCellNode.swift */,
				1F5B90291FD6EB26004801CF /* PostCellNode.swift */,
				1FA2A0D41FDB12B50019FDFF /* CommentsHeaderNode.swift */,
				1F2B2B6C1FDC4A8B00EDB1AE /* ExtendetEventHeaderNode.swift */,
			);
			path = Views;
			sourceTree = "<group>";
		};
		1F6F38051F9610D600380706 /* Utilities */ = {
			isa = PBXGroup;
			children = (
				1F45C5291FBD9E04004AD0DE /* SMCheckbox */,
				1F56D0CB1F9E36DA00E9B1F6 /* DateManager */,
				1F56D0C81F9DE2C700E9B1F6 /* AlertManager */,
				1F6F38061F9610D600380706 /* NavigationController */,
				1F6F38081F9610D600380706 /* SizeManager */,
			);
			path = Utilities;
			sourceTree = "<group>";
		};
		1F6F38061F9610D600380706 /* NavigationController */ = {
			isa = PBXGroup;
			children = (
				1F6F38071F9610D600380706 /* NavigationController.swift */,
			);
			path = NavigationController;
			sourceTree = "<group>";
		};
		1F6F38081F9610D600380706 /* SizeManager */ = {
			isa = PBXGroup;
			children = (
				1F6F38091F9610D600380706 /* SizeManager.swift */,
			);
			path = SizeManager;
			sourceTree = "<group>";
		};
		1F6F380B1F96264000380706 /* Server */ = {
			isa = PBXGroup;
			children = (
				1F6F380C1F96264000380706 /* ServerEntities */,
				1F6F380D1F96268B00380706 /* RequestManager.swift */,
			);
			path = Server;
			sourceTree = "<group>";
		};
		1F6F380C1F96264000380706 /* ServerEntities */ = {
			isa = PBXGroup;
			children = (
				1F2BC09A1FC5A22600810348 /* Event.swift */,
				1F2BC09E1FC5C5E500810348 /* Animals.swift */,
				1F5B90241FD6AF00004801CF /* Comment.swift */,
			);
			path = ServerEntities;
			sourceTree = "<group>";
		};
		1F7D50941F949DAC006209C4 = {
			isa = PBXGroup;
			children = (
				1F6F38101F96291100380706 /* Constants.swift */,
				1F7D509F1F949DAC006209C4 /* SocialTwist */,
				1F7D509E1F949DAC006209C4 /* Products */,
				9E3F6526701803F88B065AA2 /* Pods */,
				C936E604979987ED59C96356 /* Frameworks */,
			);
			sourceTree = "<group>";
		};
		1F7D509E1F949DAC006209C4 /* Products */ = {
			isa = PBXGroup;
			children = (
				1F7D509D1F949DAC006209C4 /* SocialTwist.app */,
			);
			name = Products;
			sourceTree = "<group>";
		};
		1F7D509F1F949DAC006209C4 /* SocialTwist */ = {
			isa = PBXGroup;
			children = (
				1F2824D91F9A02A2003A94DE /* Extensions */,
				1F6F38051F9610D600380706 /* Utilities */,
				1F6F380B1F96264000380706 /* Server */,
				1F3D06CB1FD969BD00CC0BCF /* TransitionControllers */,
				1F7D50B21F949DE1006209C4 /* ViewControllers */,
				1F5B90261FD6EB26004801CF /* Views */,
				1F7D50A01F949DAC006209C4 /* AppDelegate.swift */,
				1F684B531FD19A21001F015D /* Assets.xcassets */,
				1F7D50A41F949DAC006209C4 /* Main.storyboard */,
				1F7D50A91F949DAC006209C4 /* LaunchScreen.storyboard */,
				1F7D50AC1F949DAC006209C4 /* Info.plist */,
			);
			path = SocialTwist;
			sourceTree = "<group>";
		};
		1F7D50B21F949DE1006209C4 /* ViewControllers */ = {
			isa = PBXGroup;
			children = (
				1F7D50B31F949DFA006209C4 /* LoginViewController.swift */,
				1F6F38031F96101B00380706 /* SignUpViewController.swift */,
				1F2BC0981FC593D000810348 /* TimelineViewController.swift */,
				1F2DA6D11FD590F5004ED390 /* EventBaseViewController.swift */,
				1FF310081FDB00580004068B /* ExtendetEventViewController.swift */,
				1FF3100C1FDB042E0004068B /* CommentsViewController.swift */,
			);
			path = ViewControllers;
			sourceTree = "<group>";
		};
		9E3F6526701803F88B065AA2 /* Pods */ = {
			isa = PBXGroup;
			children = (
				B1BCE5018AE469A9B79985A6 /* Pods-SocialTwist.debug.xcconfig */,
				1295112271017C6A8636613A /* Pods-SocialTwist.release.xcconfig */,
			);
			name = Pods;
			sourceTree = "<group>";
		};
		C936E604979987ED59C96356 /* Frameworks */ = {
			isa = PBXGroup;
			children = (
				74A5B54C942561DBFA62BD1A /* Pods_SocialTwist.framework */,
			);
			name = Frameworks;
			sourceTree = "<group>";
		};
/* End PBXGroup section */

/* Begin PBXNativeTarget section */
		1F7D509C1F949DAC006209C4 /* SocialTwist */ = {
			isa = PBXNativeTarget;
			buildConfigurationList = 1F7D50AF1F949DAC006209C4 /* Build configuration list for PBXNativeTarget "SocialTwist" */;
			buildPhases = (
				2CC737563EF88EAC2D8E64AD /* [CP] Check Pods Manifest.lock */,
				1F7D50991F949DAC006209C4 /* Sources */,
				1F7D509A1F949DAC006209C4 /* Frameworks */,
				1F7D509B1F949DAC006209C4 /* Resources */,
				7D747DA36CC5A27E650CCBB4 /* [CP] Embed Pods Frameworks */,
				C09DD3410D3465A8B271E202 /* [CP] Copy Pods Resources */,
			);
			buildRules = (
			);
			dependencies = (
			);
			name = SocialTwist;
			productName = SocialTwist;
			productReference = 1F7D509D1F949DAC006209C4 /* SocialTwist.app */;
			productType = "com.apple.product-type.application";
		};
/* End PBXNativeTarget section */

/* Begin PBXProject section */
		1F7D50951F949DAC006209C4 /* Project object */ = {
			isa = PBXProject;
			attributes = {
				LastSwiftUpdateCheck = 0900;
				LastUpgradeCheck = 0900;
				ORGANIZATIONNAME = "Marcel ";
				TargetAttributes = {
					1F7D509C1F949DAC006209C4 = {
						CreatedOnToolsVersion = 9.0;
						ProvisioningStyle = Automatic;
					};
				};
			};
			buildConfigurationList = 1F7D50981F949DAC006209C4 /* Build configuration list for PBXProject "SocialTwist" */;
			compatibilityVersion = "Xcode 8.0";
			developmentRegion = en;
			hasScannedForEncodings = 0;
			knownRegions = (
				en,
				Base,
			);
			mainGroup = 1F7D50941F949DAC006209C4;
			productRefGroup = 1F7D509E1F949DAC006209C4 /* Products */;
			projectDirPath = "";
			projectRoot = "";
			targets = (
				1F7D509C1F949DAC006209C4 /* SocialTwist */,
			);
		};
/* End PBXProject section */

/* Begin PBXResourcesBuildPhase section */
		1F7D509B1F949DAC006209C4 /* Resources */ = {
			isa = PBXResourcesBuildPhase;
			buildActionMask = 2147483647;
			files = (
				1F7D50AB1F949DAC006209C4 /* LaunchScreen.storyboard in Resources */,
				1F684B541FD19A21001F015D /* Assets.xcassets in Resources */,
				1F7D50A61F949DAC006209C4 /* Main.storyboard in Resources */,
			);
			runOnlyForDeploymentPostprocessing = 0;
		};
/* End PBXResourcesBuildPhase section */

/* Begin PBXShellScriptBuildPhase section */
		2CC737563EF88EAC2D8E64AD /* [CP] Check Pods Manifest.lock */ = {
			isa = PBXShellScriptBuildPhase;
			buildActionMask = 2147483647;
			files = (
			);
			inputPaths = (
				"${PODS_PODFILE_DIR_PATH}/Podfile.lock",
				"${PODS_ROOT}/Manifest.lock",
			);
			name = "[CP] Check Pods Manifest.lock";
			outputPaths = (
				"$(DERIVED_FILE_DIR)/Pods-SocialTwist-checkManifestLockResult.txt",
			);
			runOnlyForDeploymentPostprocessing = 0;
			shellPath = /bin/sh;
			shellScript = "diff \"${PODS_PODFILE_DIR_PATH}/Podfile.lock\" \"${PODS_ROOT}/Manifest.lock\" > /dev/null\nif [ $? != 0 ] ; then\n    # print error to STDERR\n    echo \"error: The sandbox is not in sync with the Podfile.lock. Run 'pod install' or update your CocoaPods installation.\" >&2\n    exit 1\nfi\n# This output is used by Xcode 'outputs' to avoid re-running this script phase.\necho \"SUCCESS\" > \"${SCRIPT_OUTPUT_FILE_0}\"\n";
			showEnvVarsInLog = 0;
		};
		7D747DA36CC5A27E650CCBB4 /* [CP] Embed Pods Frameworks */ = {
			isa = PBXShellScriptBuildPhase;
			buildActionMask = 12;
			files = (
			);
			inputPaths = (
				"${SRCROOT}/Pods/Target Support Files/Pods-SocialTwist/Pods-SocialTwist-frameworks.sh",
				"${BUILT_PRODUCTS_DIR}/Alamofire/Alamofire.framework",
				"${BUILT_PRODUCTS_DIR}/PINCache/PINCache.framework",
				"${BUILT_PRODUCTS_DIR}/PINOperation/PINOperation.framework",
				"${BUILT_PRODUCTS_DIR}/PINRemoteImage/PINRemoteImage.framework",
				"${BUILT_PRODUCTS_DIR}/Texture/AsyncDisplayKit.framework",
			);
			name = "[CP] Embed Pods Frameworks";
			outputPaths = (
				"${TARGET_BUILD_DIR}/${FRAMEWORKS_FOLDER_PATH}/Alamofire.framework",
				"${TARGET_BUILD_DIR}/${FRAMEWORKS_FOLDER_PATH}/PINCache.framework",
				"${TARGET_BUILD_DIR}/${FRAMEWORKS_FOLDER_PATH}/PINOperation.framework",
				"${TARGET_BUILD_DIR}/${FRAMEWORKS_FOLDER_PATH}/PINRemoteImage.framework",
				"${TARGET_BUILD_DIR}/${FRAMEWORKS_FOLDER_PATH}/AsyncDisplayKit.framework",
			);
			runOnlyForDeploymentPostprocessing = 0;
			shellPath = /bin/sh;
			shellScript = "\"${SRCROOT}/Pods/Target Support Files/Pods-SocialTwist/Pods-SocialTwist-frameworks.sh\"\n";
			showEnvVarsInLog = 0;
		};
		C09DD3410D3465A8B271E202 /* [CP] Copy Pods Resources */ = {
			isa = PBXShellScriptBuildPhase;
			buildActionMask = 2147483647;
			files = (
			);
			inputPaths = (
			);
			name = "[CP] Copy Pods Resources";
			outputPaths = (
			);
			runOnlyForDeploymentPostprocessing = 0;
			shellPath = /bin/sh;
			shellScript = "\"${SRCROOT}/Pods/Target Support Files/Pods-SocialTwist/Pods-SocialTwist-resources.sh\"\n";
			showEnvVarsInLog = 0;
		};
/* End PBXShellScriptBuildPhase section */

/* Begin PBXSourcesBuildPhase section */
		1F7D50991F949DAC006209C4 /* Sources */ = {
			isa = PBXSourcesBuildPhase;
			buildActionMask = 2147483647;
			files = (
				1FA2A0D51FDB12B50019FDFF /* CommentsHeaderNode.swift in Sources */,
				1FC2D97A1FC2DFED00ACED38 /* UserDefaults+Keys.swift in Sources */,
				1F2BC09B1FC5A22600810348 /* Event.swift in Sources */,
				1F2B2B6D1FDC4A8B00EDB1AE /* ExtendetEventHeaderNode.swift in Sources */,
				1F2DA6D21FD590F5004ED390 /* EventBaseViewController.swift in Sources */,
				1F56D0CA1F9DE2DD00E9B1F6 /* AlertManager.swift in Sources */,
				1F45C5301FBD9E04004AD0DE /* SMGroupCheckboxController.swift in Sources */,
				1F6F380E1F96268B00380706 /* RequestManager.swift in Sources */,
				1F2BC09F1FC5C5E500810348 /* Animals.swift in Sources */,
				1F45C52F1FBD9E04004AD0DE /* SMCheckbox.swift in Sources */,
				1F56D0CF1F9E3D4600E9B1F6 /* String+Regex.swift in Sources */,
				1F5B902C1FD6EB26004801CF /* PostCellNode.swift in Sources */,
				1F5B90251FD6AF00004801CF /* Comment.swift in Sources */,
				1F6F38041F96101B00380706 /* SignUpViewController.swift in Sources */,
				1F2824DB1F9A032D003A94DE /* UITextField+Warning.swift in Sources */,
				1F6F380A1F9610E200380706 /* NavigationController.swift in Sources */,
				1F45C5311FBD9E04004AD0DE /* SMCheckboxPathController.swift in Sources */,
				1F3D06D11FD96F3E00CC0BCF /* InteractorController.swift in Sources */,
				1F7D50B41F949DFA006209C4 /* LoginViewController.swift in Sources */,
				1F3D06CF1FD969FE00CC0BCF /* DismissAnimationController.swift in Sources */,
				1F2BC0991FC593D000810348 /* TimelineViewController.swift in Sources */,
				1FF3100D1FDB042E0004068B /* CommentsViewController.swift in Sources */,
				1F5B902B1FD6EB26004801CF /* CommentCellNode.swift in Sources */,
				1F0BB63E1FBDBD7000FFB6BA /* UIColor+TwistPalette.swift in Sources */,
				1F7D50A11F949DAC006209C4 /* AppDelegate.swift in Sources */,
				1FF310091FDB00580004068B /* ExtendetEventViewController.swift in Sources */,
				1F45C52E1FBD9E04004AD0DE /* SMCheckboxAnimationController.swift in Sources */,
				1F56D0CD1F9E36E600E9B1F6 /* DateManager.swift in Sources */,
				1F3D06CD1FD969E600CC0BCF /* PresentAnimationController.swift in Sources */,
				1F5B902A1FD6EB26004801CF /* EventCellNode.swift in Sources */,
				1F6F38111F96291100380706 /* Constants.swift in Sources */,
			);
			runOnlyForDeploymentPostprocessing = 0;
		};
/* End PBXSourcesBuildPhase section */

/* Begin PBXVariantGroup section */
		1F7D50A41F949DAC006209C4 /* Main.storyboard */ = {
			isa = PBXVariantGroup;
			children = (
				1F7D50A51F949DAC006209C4 /* Base */,
			);
			name = Main.storyboard;
			sourceTree = "<group>";
		};
		1F7D50A91F949DAC006209C4 /* LaunchScreen.storyboard */ = {
			isa = PBXVariantGroup;
			children = (
				1F7D50AA1F949DAC006209C4 /* Base */,
			);
			name = LaunchScreen.storyboard;
			sourceTree = "<group>";
		};
/* End PBXVariantGroup section */

/* Begin XCBuildConfiguration section */
		1F7D50AD1F949DAC006209C4 /* Debug */ = {
			isa = XCBuildConfiguration;
			buildSettings = {
				ALWAYS_SEARCH_USER_PATHS = NO;
				CLANG_ANALYZER_NONNULL = YES;
				CLANG_ANALYZER_NUMBER_OBJECT_CONVERSION = YES_AGGRESSIVE;
				CLANG_CXX_LANGUAGE_STANDARD = "gnu++14";
				CLANG_CXX_LIBRARY = "libc++";
				CLANG_ENABLE_MODULES = YES;
				CLANG_ENABLE_OBJC_ARC = YES;
				CLANG_WARN_BLOCK_CAPTURE_AUTORELEASING = YES;
				CLANG_WARN_BOOL_CONVERSION = YES;
				CLANG_WARN_COMMA = YES;
				CLANG_WARN_CONSTANT_CONVERSION = YES;
				CLANG_WARN_DIRECT_OBJC_ISA_USAGE = YES_ERROR;
				CLANG_WARN_DOCUMENTATION_COMMENTS = YES;
				CLANG_WARN_EMPTY_BODY = YES;
				CLANG_WARN_ENUM_CONVERSION = YES;
				CLANG_WARN_INFINITE_RECURSION = YES;
				CLANG_WARN_INT_CONVERSION = YES;
				CLANG_WARN_NON_LITERAL_NULL_CONVERSION = YES;
				CLANG_WARN_OBJC_LITERAL_CONVERSION = YES;
				CLANG_WARN_OBJC_ROOT_CLASS = YES_ERROR;
				CLANG_WARN_RANGE_LOOP_ANALYSIS = YES;
				CLANG_WARN_STRICT_PROTOTYPES = YES;
				CLANG_WARN_SUSPICIOUS_MOVE = YES;
				CLANG_WARN_UNGUARDED_AVAILABILITY = YES_AGGRESSIVE;
				CLANG_WARN_UNREACHABLE_CODE = YES;
				CLANG_WARN__DUPLICATE_METHOD_MATCH = YES;
				CODE_SIGN_IDENTITY = "iPhone Developer";
				COPY_PHASE_STRIP = NO;
				DEBUG_INFORMATION_FORMAT = dwarf;
				ENABLE_STRICT_OBJC_MSGSEND = YES;
				ENABLE_TESTABILITY = YES;
				GCC_C_LANGUAGE_STANDARD = gnu11;
				GCC_DYNAMIC_NO_PIC = NO;
				GCC_NO_COMMON_BLOCKS = YES;
				GCC_OPTIMIZATION_LEVEL = 0;
				GCC_PREPROCESSOR_DEFINITIONS = (
					"DEBUG=1",
					"$(inherited)",
				);
				GCC_WARN_64_TO_32_BIT_CONVERSION = YES;
				GCC_WARN_ABOUT_RETURN_TYPE = YES_ERROR;
				GCC_WARN_UNDECLARED_SELECTOR = YES;
				GCC_WARN_UNINITIALIZED_AUTOS = YES_AGGRESSIVE;
				GCC_WARN_UNUSED_FUNCTION = YES;
				GCC_WARN_UNUSED_VARIABLE = YES;
				IPHONEOS_DEPLOYMENT_TARGET = 11.0;
				MTL_ENABLE_DEBUG_INFO = YES;
				ONLY_ACTIVE_ARCH = YES;
				SDKROOT = iphoneos;
				SWIFT_ACTIVE_COMPILATION_CONDITIONS = DEBUG;
				SWIFT_OPTIMIZATION_LEVEL = "-Onone";
			};
			name = Debug;
		};
		1F7D50AE1F949DAC006209C4 /* Release */ = {
			isa = XCBuildConfiguration;
			buildSettings = {
				ALWAYS_SEARCH_USER_PATHS = NO;
				CLANG_ANALYZER_NONNULL = YES;
				CLANG_ANALYZER_NUMBER_OBJECT_CONVERSION = YES_AGGRESSIVE;
				CLANG_CXX_LANGUAGE_STANDARD = "gnu++14";
				CLANG_CXX_LIBRARY = "libc++";
				CLANG_ENABLE_MODULES = YES;
				CLANG_ENABLE_OBJC_ARC = YES;
				CLANG_WARN_BLOCK_CAPTURE_AUTORELEASING = YES;
				CLANG_WARN_BOOL_CONVERSION = YES;
				CLANG_WARN_COMMA = YES;
				CLANG_WARN_CONSTANT_CONVERSION = YES;
				CLANG_WARN_DIRECT_OBJC_ISA_USAGE = YES_ERROR;
				CLANG_WARN_DOCUMENTATION_COMMENTS = YES;
				CLANG_WARN_EMPTY_BODY = YES;
				CLANG_WARN_ENUM_CONVERSION = YES;
				CLANG_WARN_INFINITE_RECURSION = YES;
				CLANG_WARN_INT_CONVERSION = YES;
				CLANG_WARN_NON_LITERAL_NULL_CONVERSION = YES;
				CLANG_WARN_OBJC_LITERAL_CONVERSION = YES;
				CLANG_WARN_OBJC_ROOT_CLASS = YES_ERROR;
				CLANG_WARN_RANGE_LOOP_ANALYSIS = YES;
				CLANG_WARN_STRICT_PROTOTYPES = YES;
				CLANG_WARN_SUSPICIOUS_MOVE = YES;
				CLANG_WARN_UNGUARDED_AVAILABILITY = YES_AGGRESSIVE;
				CLANG_WARN_UNREACHABLE_CODE = YES;
				CLANG_WARN__DUPLICATE_METHOD_MATCH = YES;
				CODE_SIGN_IDENTITY = "iPhone Developer";
				COPY_PHASE_STRIP = NO;
				DEBUG_INFORMATION_FORMAT = "dwarf-with-dsym";
				ENABLE_NS_ASSERTIONS = NO;
				ENABLE_STRICT_OBJC_MSGSEND = YES;
				GCC_C_LANGUAGE_STANDARD = gnu11;
				GCC_NO_COMMON_BLOCKS = YES;
				GCC_WARN_64_TO_32_BIT_CONVERSION = YES;
				GCC_WARN_ABOUT_RETURN_TYPE = YES_ERROR;
				GCC_WARN_UNDECLARED_SELECTOR = YES;
				GCC_WARN_UNINITIALIZED_AUTOS = YES_AGGRESSIVE;
				GCC_WARN_UNUSED_FUNCTION = YES;
				GCC_WARN_UNUSED_VARIABLE = YES;
				IPHONEOS_DEPLOYMENT_TARGET = 11.0;
				MTL_ENABLE_DEBUG_INFO = NO;
				SDKROOT = iphoneos;
				SWIFT_OPTIMIZATION_LEVEL = "-Owholemodule";
				VALIDATE_PRODUCT = YES;
			};
			name = Release;
		};
		1F7D50B01F949DAC006209C4 /* Debug */ = {
			isa = XCBuildConfiguration;
			baseConfigurationReference = B1BCE5018AE469A9B79985A6 /* Pods-SocialTwist.debug.xcconfig */;
			buildSettings = {
				ASSETCATALOG_COMPILER_APPICON_NAME = AppIcon;
				CODE_SIGN_STYLE = Automatic;
				DEVELOPMENT_TEAM = J75N2N7642;
				INFOPLIST_FILE = SocialTwist/Info.plist;
				LD_RUNPATH_SEARCH_PATHS = "$(inherited) @executable_path/Frameworks";
				PRODUCT_BUNDLE_IDENTIFIER = com.mspinum.SocialTwist;
				PRODUCT_NAME = "$(TARGET_NAME)";
				SWIFT_VERSION = 4.0;
				TARGETED_DEVICE_FAMILY = "1,2";
			};
			name = Debug;
		};
		1F7D50B11F949DAC006209C4 /* Release */ = {
			isa = XCBuildConfiguration;
			baseConfigurationReference = 1295112271017C6A8636613A /* Pods-SocialTwist.release.xcconfig */;
			buildSettings = {
				ASSETCATALOG_COMPILER_APPICON_NAME = AppIcon;
				CODE_SIGN_STYLE = Automatic;
				DEVELOPMENT_TEAM = J75N2N7642;
				INFOPLIST_FILE = SocialTwist/Info.plist;
				LD_RUNPATH_SEARCH_PATHS = "$(inherited) @executable_path/Frameworks";
				PRODUCT_BUNDLE_IDENTIFIER = com.mspinum.SocialTwist;
				PRODUCT_NAME = "$(TARGET_NAME)";
				SWIFT_VERSION = 4.0;
				TARGETED_DEVICE_FAMILY = "1,2";
			};
			name = Release;
		};
/* End XCBuildConfiguration section */

/* Begin XCConfigurationList section */
		1F7D50981F949DAC006209C4 /* Build configuration list for PBXProject "SocialTwist" */ = {
			isa = XCConfigurationList;
			buildConfigurations = (
				1F7D50AD1F949DAC006209C4 /* Debug */,
				1F7D50AE1F949DAC006209C4 /* Release */,
			);
			defaultConfigurationIsVisible = 0;
			defaultConfigurationName = Release;
		};
		1F7D50AF1F949DAC006209C4 /* Build configuration list for PBXNativeTarget "SocialTwist" */ = {
			isa = XCConfigurationList;
			buildConfigurations = (
				1F7D50B01F949DAC006209C4 /* Debug */,
				1F7D50B11F949DAC006209C4 /* Release */,
			);
			defaultConfigurationIsVisible = 0;
			defaultConfigurationName = Release;
		};
/* End XCConfigurationList section */
	};
	rootObject = 1F7D50951F949DAC006209C4 /* Project object */;
}
